name: Manually create package-lock.json
on: [push]

jobs:
  create-lock-file:
    runs-on: ubuntu-latest
    steps:
      - uses: actions/checkout@v4
      
      - name: Setup Node
        uses: actions/setup-node@v4
        with:
          node-version: '20'
      
      - name: Generate package-lock.json
        run: |
          npm install
          git config user.name github-actions
          git config user.email github-actions@github.com
          git add package-lock.json
          git commit -m "Generate package-lock.json"
          git push
